
Microsoft Visual Studio Solution File, Format Version 12.00
# Visual Studio 15
VisualStudioVersion = 15.0.28307.489
MinimumVisualStudioVersion = 10.0.40219.1
Project("{FAE04EC0-301F-11D3-BF4B-00C04F79EFBC}") = "Cw_03", "Cw_03\Cw_03.csproj", "{8EF0C551-F7B4-4C68-8C90-FFDDD83D82CE}"
EndProject
Global
	GlobalSection(SolutionConfigurationPlatforms) = preSolution
		Debug|Any CPU = Debug|Any CPU
		Release|Any CPU = Release|Any CPU
	EndGlobalSection
	GlobalSection(ProjectConfigurationPlatforms) = postSolution
		{8EF0C551-F7B4-4C68-8C90-FFDDD83D82CE}.Debug|Any CPU.ActiveCfg = Debug|Any CPU
		{8EF0C551-F7B4-4C68-8C90-FFDDD83D82CE}.Debug|Any CPU.Build.0 = Debug|Any CPU
		{8EF0C551-F7B4-4C68-8C90-FFDDD83D82CE}.Release|Any CPU.ActiveCfg = Release|Any CPU
		{8EF0C551-F7B4-4C68-8C90-FFDDD83D82CE}.Release|Any CPU.Build.0 = Release|Any CPU
	EndGlobalSection
	GlobalSection(SolutionProperties) = preSolution
		HideSolutionNode = FALSE
	EndGlobalSection
	GlobalSection(ExtensibilityGlobals) = postSolution
		SolutionGuid = {D4E26C80-6122-41E1-B932-6D6BD6D2B168}
	EndGlobalSection
EndGlobal
